
Microsoft Visual Studio Solution File, Format Version 12.00
# Visual Studio Version 17
VisualStudioVersion = 17.7.34024.191
MinimumVisualStudioVersion = 10.0.40219.1
Project("{FAE04EC0-301F-11D3-BF4B-00C04F79EFBC}") = "Lab 1", "Lab 1\Lab 1.csproj", "{51F18C24-73ED-47C5-B818-68DFBB8B6982}"
EndProject
Global
	GlobalSection(SolutionConfigurationPlatforms) = preSolution
		Debug|Any CPU = Debug|Any CPU
		Release|Any CPU = Release|Any CPU
	EndGlobalSection
	GlobalSection(ProjectConfigurationPlatforms) = postSolution
		{51F18C24-73ED-47C5-B818-68DFBB8B6982}.Debug|Any CPU.ActiveCfg = Debug|Any CPU
		{51F18C24-73ED-47C5-B818-68DFBB8B6982}.Debug|Any CPU.Build.0 = Debug|Any CPU
		{51F18C24-73ED-47C5-B818-68DFBB8B6982}.Release|Any CPU.ActiveCfg = Release|Any CPU
		{51F18C24-73ED-47C5-B818-68DFBB8B6982}.Release|Any CPU.Build.0 = Release|Any CPU
	EndGlobalSection
	GlobalSection(SolutionProperties) = preSolution
		HideSolutionNode = FALSE
	EndGlobalSection
	GlobalSection(ExtensibilityGlobals) = postSolution
		SolutionGuid = {5D44523A-76C2-4DC8-8C27-BBC65ACCCC7C}
	EndGlobalSection
EndGlobal
